
Microsoft Visual Studio Solution File, Format Version 12.00
# Visual Studio 15
VisualStudioVersion = 15.0.27428.2037
MinimumVisualStudioVersion = 10.0.40219.1
Project("{FAE04EC0-301F-11D3-BF4B-00C04F79EFBC}") = "BatteryBuddy", "Serial_1\BatteryBuddy.csproj", "{1768E0C3-3825-4B4F-8E80-A362213FF5DA}"
EndProject
Global
	GlobalSection(SolutionConfigurationPlatforms) = preSolution
		Debug|Any CPU = Debug|Any CPU
		Release|Any CPU = Release|Any CPU
	EndGlobalSection
	GlobalSection(ProjectConfigurationPlatforms) = postSolution
		{1768E0C3-3825-4B4F-8E80-A362213FF5DA}.Debug|Any CPU.ActiveCfg = Debug|Any CPU
		{1768E0C3-3825-4B4F-8E80-A362213FF5DA}.Debug|Any CPU.Build.0 = Debug|Any CPU
		{1768E0C3-3825-4B4F-8E80-A362213FF5DA}.Release|Any CPU.ActiveCfg = Release|Any CPU
		{1768E0C3-3825-4B4F-8E80-A362213FF5DA}.Release|Any CPU.Build.0 = Release|Any CPU
	EndGlobalSection
	GlobalSection(SolutionProperties) = preSolution
		HideSolutionNode = FALSE
	EndGlobalSection
	GlobalSection(ExtensibilityGlobals) = postSolution
		SolutionGuid = {BB87A7F2-EC41-4EDA-A293-8933CE183758}
	EndGlobalSection
EndGlobal
